// !$*UTF8*$!
{
	archiveVersion = 1;
	classes = {
	};
	objectVersion = 50;
	objects = {

/* Begin PBXBuildFile section */
		AC6DAE8A20F8913900C278C9 /* AppDelegate.swift in Sources */ = {isa = PBXBuildFile; fileRef = AC6DAE8920F8913900C278C9 /* AppDelegate.swift */; };
		AC6DAE8C20F8913900C278C9 /* ViewController.swift in Sources */ = {isa = PBXBuildFile; fileRef = AC6DAE8B20F8913900C278C9 /* ViewController.swift */; };
		AC6DAE8F20F8913900C278C9 /* Main.storyboard in Resources */ = {isa = PBXBuildFile; fileRef = AC6DAE8D20F8913900C278C9 /* Main.storyboard */; };
		AC6DAE9120F8913B00C278C9 /* Assets.xcassets in Resources */ = {isa = PBXBuildFile; fileRef = AC6DAE9020F8913B00C278C9 /* Assets.xcassets */; };
		AC6DAE9420F8913B00C278C9 /* LaunchScreen.storyboard in Resources */ = {isa = PBXBuildFile; fileRef = AC6DAE9220F8913B00C278C9 /* LaunchScreen.storyboard */; };
		AC6DAE9F20F8913B00C278C9 /* Train2ReadTests.swift in Sources */ = {isa = PBXBuildFile; fileRef = AC6DAE9E20F8913B00C278C9 /* Train2ReadTests.swift */; };
		AC6DAEAA20F8913B00C278C9 /* Train2ReadUITests.swift in Sources */ = {isa = PBXBuildFile; fileRef = AC6DAEA920F8913B00C278C9 /* Train2ReadUITests.swift */; };
/* End PBXBuildFile section */

/* Begin PBXContainerItemProxy section */
		AC6DAE9B20F8913B00C278C9 /* PBXContainerItemProxy */ = {
			isa = PBXContainerItemProxy;
			containerPortal = AC6DAE7E20F8913900C278C9 /* Project object */;
			proxyType = 1;
			remoteGlobalIDString = AC6DAE8520F8913900C278C9;
			remoteInfo = Train2Read;
		};
		AC6DAEA620F8913B00C278C9 /* PBXContainerItemProxy */ = {
			isa = PBXContainerItemProxy;
			containerPortal = AC6DAE7E20F8913900C278C9 /* Project object */;
			proxyType = 1;
			remoteGlobalIDString = AC6DAE8520F8913900C278C9;
			remoteInfo = Train2Read;
		};
/* End PBXContainerItemProxy section */

/* Begin PBXFileReference section */
		AC6DAE8620F8913900C278C9 /* Train2Read.app */ = {isa = PBXFileReference; explicitFileType = wrapper.application; includeInIndex = 0; path = Train2Read.app; sourceTree = BUILT_PRODUCTS_DIR; };
		AC6DAE8920F8913900C278C9 /* AppDelegate.swift */ = {isa = PBXFileReference; lastKnownFileType = sourcecode.swift; path = AppDelegate.swift; sourceTree = "<group>"; };
		AC6DAE8B20F8913900C278C9 /* ViewController.swift */ = {isa = PBXFileReference; lastKnownFileType = sourcecode.swift; path = ViewController.swift; sourceTree = "<group>"; };
		AC6DAE8E20F8913900C278C9 /* Base */ = {isa = PBXFileReference; lastKnownFileType = file.storyboard; name = Base; path = Base.lproj/Main.storyboard; sourceTree = "<group>"; };
		AC6DAE9020F8913B00C278C9 /* Assets.xcassets */ = {isa = PBXFileReference; lastKnownFileType = folder.assetcatalog; path = Assets.xcassets; sourceTree = "<group>"; };
		AC6DAE9320F8913B00C278C9 /* Base */ = {isa = PBXFileReference; lastKnownFileType = file.storyboard; name = Base; path = Base.lproj/LaunchScreen.storyboard; sourceTree = "<group>"; };
		AC6DAE9520F8913B00C278C9 /* Info.plist */ = {isa = PBXFileReference; lastKnownFileType = text.plist.xml; path = Info.plist; sourceTree = "<group>"; };
		AC6DAE9A20F8913B00C278C9 /* Train2ReadTests.xctest */ = {isa = PBXFileReference; explicitFileType = wrapper.cfbundle; includeInIndex = 0; path = Train2ReadTests.xctest; sourceTree = BUILT_PRODUCTS_DIR; };
		AC6DAE9E20F8913B00C278C9 /* Train2ReadTests.swift */ = {isa = PBXFileReference; lastKnownFileType = sourcecode.swift; path = Train2ReadTests.swift; sourceTree = "<group>"; };
		AC6DAEA020F8913B00C278C9 /* Info.plist */ = {isa = PBXFileReference; lastKnownFileType = text.plist.xml; path = Info.plist; sourceTree = "<group>"; };
		AC6DAEA520F8913B00C278C9 /* Train2ReadUITests.xctest */ = {isa = PBXFileReference; explicitFileType = wrapper.cfbundle; includeInIndex = 0; path = Train2ReadUITests.xctest; sourceTree = BUILT_PRODUCTS_DIR; };
		AC6DAEA920F8913B00C278C9 /* Train2ReadUITests.swift */ = {isa = PBXFileReference; lastKnownFileType = sourcecode.swift; path = Train2ReadUITests.swift; sourceTree = "<group>"; };
		AC6DAEAB20F8913B00C278C9 /* Info.plist */ = {isa = PBXFileReference; lastKnownFileType = text.plist.xml; path = Info.plist; sourceTree = "<group>"; };
/* End PBXFileReference section */

/* Begin PBXFrameworksBuildPhase section */
		AC6DAE8320F8913900C278C9 /* Frameworks */ = {
			isa = PBXFrameworksBuildPhase;
			buildActionMask = 2147483647;
			files = (
			);
			runOnlyForDeploymentPostprocessing = 0;
		};
		AC6DAE9720F8913B00C278C9 /* Frameworks */ = {
			isa = PBXFrameworksBuildPhase;
			buildActionMask = 2147483647;
			files = (
			);
			runOnlyForDeploymentPostprocessing = 0;
		};
		AC6DAEA220F8913B00C278C9 /* Frameworks */ = {
			isa = PBXFrameworksBuildPhase;
			buildActionMask = 2147483647;
			files = (
			);
			runOnlyForDeploymentPostprocessing = 0;
		};
/* End PBXFrameworksBuildPhase section */

/* Begin PBXGroup section */
		AC6DAE7D20F8913900C278C9 = {
			isa = PBXGroup;
			children = (
				AC6DAE8820F8913900C278C9 /* Train2Read */,
				AC6DAE9D20F8913B00C278C9 /* Train2ReadTests */,
				AC6DAEA820F8913B00C278C9 /* Train2ReadUITests */,
				AC6DAE8720F8913900C278C9 /* Products */,
			);
			sourceTree = "<group>";
		};
		AC6DAE8720F8913900C278C9 /* Products */ = {
			isa = PBXGroup;
			children = (
				AC6DAE8620F8913900C278C9 /* Train2Read.app */,
				AC6DAE9A20F8913B00C278C9 /* Train2ReadTests.xctest */,
				AC6DAEA520F8913B00C278C9 /* Train2ReadUITests.xctest */,
			);
			name = Products;
			sourceTree = "<group>";
		};
		AC6DAE8820F8913900C278C9 /* Train2Read */ = {
			isa = PBXGroup;
			children = (
				AC6DAE8920F8913900C278C9 /* AppDelegate.swift */,
				AC6DAE8B20F8913900C278C9 /* ViewController.swift */,
				AC6DAE8D20F8913900C278C9 /* Main.storyboard */,
				AC6DAE9020F8913B00C278C9 /* Assets.xcassets */,
				AC6DAE9220F8913B00C278C9 /* LaunchScreen.storyboard */,
				AC6DAE9520F8913B00C278C9 /* Info.plist */,
			);
			path = Train2Read;
			sourceTree = "<group>";
		};
		AC6DAE9D20F8913B00C278C9 /* Train2ReadTests */ = {
			isa = PBXGroup;
			children = (
				AC6DAE9E20F8913B00C278C9 /* Train2ReadTests.swift */,
				AC6DAEA020F8913B00C278C9 /* Info.plist */,
			);
			path = Train2ReadTests;
			sourceTree = "<group>";
		};
		AC6DAEA820F8913B00C278C9 /* Train2ReadUITests */ = {
			isa = PBXGroup;
			children = (
				AC6DAEA920F8913B00C278C9 /* Train2ReadUITests.swift */,
				AC6DAEAB20F8913B00C278C9 /* Info.plist */,
			);
			path = Train2ReadUITests;
			sourceTree = "<group>";
		};
/* End PBXGroup section */

/* Begin PBXNativeTarget section */
		AC6DAE8520F8913900C278C9 /* Train2Read */ = {
			isa = PBXNativeTarget;
			buildConfigurationList = AC6DAEAE20F8913B00C278C9 /* Build configuration list for PBXNativeTarget "Train2Read" */;
			buildPhases = (
				AC6DAE8220F8913900C278C9 /* Sources */,
				AC6DAE8320F8913900C278C9 /* Frameworks */,
				AC6DAE8420F8913900C278C9 /* Resources */,
			);
			buildRules = (
			);
			dependencies = (
			);
			name = Train2Read;
			productName = Train2Read;
			productReference = AC6DAE8620F8913900C278C9 /* Train2Read.app */;
			productType = "com.apple.product-type.application";
		};
		AC6DAE9920F8913B00C278C9 /* Train2ReadTests */ = {
			isa = PBXNativeTarget;
			buildConfigurationList = AC6DAEB120F8913B00C278C9 /* Build configuration list for PBXNativeTarget "Train2ReadTests" */;
			buildPhases = (
				AC6DAE9620F8913B00C278C9 /* Sources */,
				AC6DAE9720F8913B00C278C9 /* Frameworks */,
				AC6DAE9820F8913B00C278C9 /* Resources */,
			);
			buildRules = (
			);
			dependencies = (
				AC6DAE9C20F8913B00C278C9 /* PBXTargetDependency */,
			);
			name = Train2ReadTests;
			productName = Train2ReadTests;
			productReference = AC6DAE9A20F8913B00C278C9 /* Train2ReadTests.xctest */;
			productType = "com.apple.product-type.bundle.unit-test";
		};
		AC6DAEA420F8913B00C278C9 /* Train2ReadUITests */ = {
			isa = PBXNativeTarget;
			buildConfigurationList = AC6DAEB420F8913B00C278C9 /* Build configuration list for PBXNativeTarget "Train2ReadUITests" */;
			buildPhases = (
				AC6DAEA120F8913B00C278C9 /* Sources */,
				AC6DAEA220F8913B00C278C9 /* Frameworks */,
				AC6DAEA320F8913B00C278C9 /* Resources */,
			);
			buildRules = (
			);
			dependencies = (
				AC6DAEA720F8913B00C278C9 /* PBXTargetDependency */,
			);
			name = Train2ReadUITests;
			productName = Train2ReadUITests;
			productReference = AC6DAEA520F8913B00C278C9 /* Train2ReadUITests.xctest */;
			productType = "com.apple.product-type.bundle.ui-testing";
		};
/* End PBXNativeTarget section */

/* Begin PBXProject section */
		AC6DAE7E20F8913900C278C9 /* Project object */ = {
			isa = PBXProject;
			attributes = {
				LastSwiftUpdateCheck = 0940;
				LastUpgradeCheck = 0940;
				ORGANIZATIONNAME = Aldiyar;
				TargetAttributes = {
					AC6DAE8520F8913900C278C9 = {
						CreatedOnToolsVersion = 9.4.1;
					};
					AC6DAE9920F8913B00C278C9 = {
						CreatedOnToolsVersion = 9.4.1;
						TestTargetID = AC6DAE8520F8913900C278C9;
					};
					AC6DAEA420F8913B00C278C9 = {
						CreatedOnToolsVersion = 9.4.1;
						TestTargetID = AC6DAE8520F8913900C278C9;
					};
				};
			};
			buildConfigurationList = AC6DAE8120F8913900C278C9 /* Build configuration list for PBXProject "Train2Read" */;
			compatibilityVersion = "Xcode 9.3";
			developmentRegion = en;
			hasScannedForEncodings = 0;
			knownRegions = (
				en,
				Base,
			);
			mainGroup = AC6DAE7D20F8913900C278C9;
			productRefGroup = AC6DAE8720F8913900C278C9 /* Products */;
			projectDirPath = "";
			projectRoot = "";
			targets = (
				AC6DAE8520F8913900C278C9 /* Train2Read */,
				AC6DAE9920F8913B00C278C9 /* Train2ReadTests */,
				AC6DAEA420F8913B00C278C9 /* Train2ReadUITests */,
			);
		};
/* End PBXProject section */

/* Begin PBXResourcesBuildPhase section */
		AC6DAE8420F8913900C278C9 /* Resources */ = {
			isa = PBXResourcesBuildPhase;
			buildActionMask = 2147483647;
			files = (
				AC6DAE9420F8913B00C278C9 /* LaunchScreen.storyboard in Resources */,
				AC6DAE9120F8913B00C278C9 /* Assets.xcassets in Resources */,
				AC6DAE8F20F8913900C278C9 /* Main.storyboard in Resources */,
			);
			runOnlyForDeploymentPostprocessing = 0;
		};
		AC6DAE9820F8913B00C278C9 /* Resources */ = {
			isa = PBXResourcesBuildPhase;
			buildActionMask = 2147483647;
			files = (
			);
			runOnlyForDeploymentPostprocessing = 0;
		};
		AC6DAEA320F8913B00C278C9 /* Resources */ = {
			isa = PBXResourcesBuildPhase;
			buildActionMask = 2147483647;
			files = (
			);
			runOnlyForDeploymentPostprocessing = 0;
		};
/* End PBXResourcesBuildPhase section */

/* Begin PBXSourcesBuildPhase section */
		AC6DAE8220F8913900C278C9 /* Sources */ = {
			isa = PBXSourcesBuildPhase;
			buildActionMask = 2147483647;
			files = (
				AC6DAE8C20F8913900C278C9 /* ViewController.swift in Sources */,
				AC6DAE8A20F8913900C278C9 /* AppDelegate.swift in Sources */,
			);
			runOnlyForDeploymentPostprocessing = 0;
		};
		AC6DAE9620F8913B00C278C9 /* Sources */ = {
			isa = PBXSourcesBuildPhase;
			buildActionMask = 2147483647;
			files = (
				AC6DAE9F20F8913B00C278C9 /* Train2ReadTests.swift in Sources */,
			);
			runOnlyForDeploymentPostprocessing = 0;
		};
		AC6DAEA120F8913B00C278C9 /* Sources */ = {
			isa = PBXSourcesBuildPhase;
			buildActionMask = 2147483647;
			files = (
				AC6DAEAA20F8913B00C278C9 /* Train2ReadUITests.swift in Sources */,
			);
			runOnlyForDeploymentPostprocessing = 0;
		};
/* End PBXSourcesBuildPhase section */

/* Begin PBXTargetDependency section */
		AC6DAE9C20F8913B00C278C9 /* PBXTargetDependency */ = {
			isa = PBXTargetDependency;
			target = AC6DAE8520F8913900C278C9 /* Train2Read */;
			targetProxy = AC6DAE9B20F8913B00C278C9 /* PBXContainerItemProxy */;
		};
		AC6DAEA720F8913B00C278C9 /* PBXTargetDependency */ = {
			isa = PBXTargetDependency;
			target = AC6DAE8520F8913900C278C9 /* Train2Read */;
			targetProxy = AC6DAEA620F8913B00C278C9 /* PBXContainerItemProxy */;
		};
/* End PBXTargetDependency section */

/* Begin PBXVariantGroup section */
		AC6DAE8D20F8913900C278C9 /* Main.storyboard */ = {
			isa = PBXVariantGroup;
			children = (
				AC6DAE8E20F8913900C278C9 /* Base */,
			);
			name = Main.storyboard;
			sourceTree = "<group>";
		};
		AC6DAE9220F8913B00C278C9 /* LaunchScreen.storyboard */ = {
			isa = PBXVariantGroup;
			children = (
				AC6DAE9320F8913B00C278C9 /* Base */,
			);
			name = LaunchScreen.storyboard;
			sourceTree = "<group>";
		};
/* End PBXVariantGroup section */

/* Begin XCBuildConfiguration section */
		AC6DAEAC20F8913B00C278C9 /* Debug */ = {
			isa = XCBuildConfiguration;
			buildSettings = {
				ALWAYS_SEARCH_USER_PATHS = NO;
				CLANG_ANALYZER_NONNULL = YES;
				CLANG_ANALYZER_NUMBER_OBJECT_CONVERSION = YES_AGGRESSIVE;
				CLANG_CXX_LANGUAGE_STANDARD = "gnu++14";
				CLANG_CXX_LIBRARY = "libc++";
				CLANG_ENABLE_MODULES = YES;
				CLANG_ENABLE_OBJC_ARC = YES;
				CLANG_ENABLE_OBJC_WEAK = YES;
				CLANG_WARN_BLOCK_CAPTURE_AUTORELEASING = YES;
				CLANG_WARN_BOOL_CONVERSION = YES;
				CLANG_WARN_COMMA = YES;
				CLANG_WARN_CONSTANT_CONVERSION = YES;
				CLANG_WARN_DEPRECATED_OBJC_IMPLEMENTATIONS = YES;
				CLANG_WARN_DIRECT_OBJC_ISA_USAGE = YES_ERROR;
				CLANG_WARN_DOCUMENTATION_COMMENTS = YES;
				CLANG_WARN_EMPTY_BODY = YES;
				CLANG_WARN_ENUM_CONVERSION = YES;
				CLANG_WARN_INFINITE_RECURSION = YES;
				CLANG_WARN_INT_CONVERSION = YES;
				CLANG_WARN_NON_LITERAL_NULL_CONVERSION = YES;
				CLANG_WARN_OBJC_IMPLICIT_RETAIN_SELF = YES;
				CLANG_WARN_OBJC_LITERAL_CONVERSION = YES;
				CLANG_WARN_OBJC_ROOT_CLASS = YES_ERROR;
				CLANG_WARN_RANGE_LOOP_ANALYSIS = YES;
				CLANG_WARN_STRICT_PROTOTYPES = YES;
				CLANG_WARN_SUSPICIOUS_MOVE = YES;
				CLANG_WARN_UNGUARDED_AVAILABILITY = YES_AGGRESSIVE;
				CLANG_WARN_UNREACHABLE_CODE = YES;
				CLANG_WARN__DUPLICATE_METHOD_MATCH = YES;
				CODE_SIGN_IDENTITY = "iPhone Developer";
				COPY_PHASE_STRIP = NO;
				DEBUG_INFORMATION_FORMAT = dwarf;
				ENABLE_STRICT_OBJC_MSGSEND = YES;
				ENABLE_TESTABILITY = YES;
				GCC_C_LANGUAGE_STANDARD = gnu11;
				GCC_DYNAMIC_NO_PIC = NO;
				GCC_NO_COMMON_BLOCKS = YES;
				GCC_OPTIMIZATION_LEVEL = 0;
				GCC_PREPROCESSOR_DEFINITIONS = (
					"DEBUG=1",
					"$(inherited)",
				);
				GCC_WARN_64_TO_32_BIT_CONVERSION = YES;
				GCC_WARN_ABOUT_RETURN_TYPE = YES_ERROR;
				GCC_WARN_UNDECLARED_SELECTOR = YES;
				GCC_WARN_UNINITIALIZED_AUTOS = YES_AGGRESSIVE;
				GCC_WARN_UNUSED_FUNCTION = YES;
				GCC_WARN_UNUSED_VARIABLE = YES;
				IPHONEOS_DEPLOYMENT_TARGET = 11.4;
				MTL_ENABLE_DEBUG_INFO = YES;
				ONLY_ACTIVE_ARCH = YES;
				SDKROOT = iphoneos;
				SWIFT_ACTIVE_COMPILATION_CONDITIONS = DEBUG;
				SWIFT_OPTIMIZATION_LEVEL = "-Onone";
			};
			name = Debug;
		};
		AC6DAEAD20F8913B00C278C9 /* Release */ = {
			isa = XCBuildConfiguration;
			buildSettings = {
				ALWAYS_SEARCH_USER_PATHS = NO;
				CLANG_ANALYZER_NONNULL = YES;
				CLANG_ANALYZER_NUMBER_OBJECT_CONVERSION = YES_AGGRESSIVE;
				CLANG_CXX_LANGUAGE_STANDARD = "gnu++14";
				CLANG_CXX_LIBRARY = "libc++";
				CLANG_ENABLE_MODULES = YES;
				CLANG_ENABLE_OBJC_ARC = YES;
				CLANG_ENABLE_OBJC_WEAK = YES;
				CLANG_WARN_BLOCK_CAPTURE_AUTORELEASING = YES;
				CLANG_WARN_BOOL_CONVERSION = YES;
				CLANG_WARN_COMMA = YES;
				CLANG_WARN_CONSTANT_CONVERSION = YES;
				CLANG_WARN_DEPRECATED_OBJC_IMPLEMENTATIONS = YES;
				CLANG_WARN_DIRECT_OBJC_ISA_USAGE = YES_ERROR;
				CLANG_WARN_DOCUMENTATION_COMMENTS = YES;
				CLANG_WARN_EMPTY_BODY = YES;
				CLANG_WARN_ENUM_CONVERSION = YES;
				CLANG_WARN_INFINITE_RECURSION = YES;
				CLANG_WARN_INT_CONVERSION = YES;
				CLANG_WARN_NON_LITERAL_NULL_CONVERSION = YES;
				CLANG_WARN_OBJC_IMPLICIT_RETAIN_SELF = YES;
				CLANG_WARN_OBJC_LITERAL_CONVERSION = YES;
				CLANG_WARN_OBJC_ROOT_CLASS = YES_ERROR;
				CLANG_WARN_RANGE_LOOP_ANALYSIS = YES;
				CLANG_WARN_STRICT_PROTOTYPES = YES;
				CLANG_WARN_SUSPICIOUS_MOVE = YES;
				CLANG_WARN_UNGUARDED_AVAILABILITY = YES_AGGRESSIVE;
				CLANG_WARN_UNREACHABLE_CODE = YES;
				CLANG_WARN__DUPLICATE_METHOD_MATCH = YES;
				CODE_SIGN_IDENTITY = "iPhone Developer";
				COPY_PHASE_STRIP = NO;
				DEBUG_INFORMATION_FORMAT = "dwarf-with-dsym";
				ENABLE_NS_ASSERTIONS = NO;
				ENABLE_STRICT_OBJC_MSGSEND = YES;
				GCC_C_LANGUAGE_STANDARD = gnu11;
				GCC_NO_COMMON_BLOCKS = YES;
				GCC_WARN_64_TO_32_BIT_CONVERSION = YES;
				GCC_WARN_ABOUT_RETURN_TYPE = YES_ERROR;
				GCC_WARN_UNDECLARED_SELECTOR = YES;
				GCC_WARN_UNINITIALIZED_AUTOS = YES_AGGRESSIVE;
				GCC_WARN_UNUSED_FUNCTION = YES;
				GCC_WARN_UNUSED_VARIABLE = YES;
				IPHONEOS_DEPLOYMENT_TARGET = 11.4;
				MTL_ENABLE_DEBUG_INFO = NO;
				SDKROOT = iphoneos;
				SWIFT_COMPILATION_MODE = wholemodule;
				SWIFT_OPTIMIZATION_LEVEL = "-O";
				VALIDATE_PRODUCT = YES;
			};
			name = Release;
		};
		AC6DAEAF20F8913B00C278C9 /* Debug */ = {
			isa = XCBuildConfiguration;
			buildSettings = {
				ASSETCATALOG_COMPILER_APPICON_NAME = AppIcon;
				CODE_SIGN_STYLE = Automatic;
				DEVELOPMENT_TEAM = VQ2A24U5VU;
				INFOPLIST_FILE = Train2Read/Info.plist;
				LD_RUNPATH_SEARCH_PATHS = (
					"$(inherited)",
					"@executable_path/Frameworks",
				);
				PRODUCT_BUNDLE_IDENTIFIER = SDU.Train2Read;
				PRODUCT_NAME = "$(TARGET_NAME)";
				SWIFT_VERSION = 4.0;
				TARGETED_DEVICE_FAMILY = "1,2";
			};
			name = Debug;
		};
		AC6DAEB020F8913B00C278C9 /* Release */ = {
			isa = XCBuildConfiguration;
			buildSettings = {
				ASSETCATALOG_COMPILER_APPICON_NAME = AppIcon;
				CODE_SIGN_STYLE = Automatic;
				DEVELOPMENT_TEAM = VQ2A24U5VU;
				INFOPLIST_FILE = Train2Read/Info.plist;
				LD_RUNPATH_SEARCH_PATHS = (
					"$(inherited)",
					"@executable_path/Frameworks",
				);
				PRODUCT_BUNDLE_IDENTIFIER = SDU.Train2Read;
				PRODUCT_NAME = "$(TARGET_NAME)";
				SWIFT_VERSION = 4.0;
				TARGETED_DEVICE_FAMILY = "1,2";
			};
			name = Release;
		};
		AC6DAEB220F8913B00C278C9 /* Debug */ = {
			isa = XCBuildConfiguration;
			buildSettings = {
				ALWAYS_EMBED_SWIFT_STANDARD_LIBRARIES = YES;
				BUNDLE_LOADER = "$(TEST_HOST)";
				CODE_SIGN_STYLE = Automatic;
				DEVELOPMENT_TEAM = VQ2A24U5VU;
				INFOPLIST_FILE = Train2ReadTests/Info.plist;
				LD_RUNPATH_SEARCH_PATHS = (
					"$(inherited)",
					"@executable_path/Frameworks",
					"@loader_path/Frameworks",
				);
				PRODUCT_BUNDLE_IDENTIFIER = SDU.Train2ReadTests;
				PRODUCT_NAME = "$(TARGET_NAME)";
				SWIFT_VERSION = 4.0;
				TARGETED_DEVICE_FAMILY = "1,2";
				TEST_HOST = "$(BUILT_PRODUCTS_DIR)/Train2Read.app/Train2Read";
			};
			name = Debug;
		};
		AC6DAEB320F8913B00C278C9 /* Release */ = {
			isa = XCBuildConfiguration;
			buildSettings = {
				ALWAYS_EMBED_SWIFT_STANDARD_LIBRARIES = YES;
				BUNDLE_LOADER = "$(TEST_HOST)";
				CODE_SIGN_STYLE = Automatic;
				DEVELOPMENT_TEAM = VQ2A24U5VU;
				INFOPLIST_FILE = Train2ReadTests/Info.plist;
				LD_RUNPATH_SEARCH_PATHS = (
					"$(inherited)",
					"@executable_path/Frameworks",
					"@loader_path/Frameworks",
				);
				PRODUCT_BUNDLE_IDENTIFIER = SDU.Train2ReadTests;
				PRODUCT_NAME = "$(TARGET_NAME)";
				SWIFT_VERSION = 4.0;
				TARGETED_DEVICE_FAMILY = "1,2";
				TEST_HOST = "$(BUILT_PRODUCTS_DIR)/Train2Read.app/Train2Read";
			};
			name = Release;
		};
		AC6DAEB520F8913B00C278C9 /* Debug */ = {
			isa = XCBuildConfiguration;
			buildSettings = {
				ALWAYS_EMBED_SWIFT_STANDARD_LIBRARIES = YES;
				CODE_SIGN_STYLE = Automatic;
				DEVELOPMENT_TEAM = VQ2A24U5VU;
				INFOPLIST_FILE = Train2ReadUITests/Info.plist;
				LD_RUNPATH_SEARCH_PATHS = (
					"$(inherited)",
					"@executable_path/Frameworks",
					"@loader_path/Frameworks",
				);
				PRODUCT_BUNDLE_IDENTIFIER = SDU.Train2ReadUITests;
				PRODUCT_NAME = "$(TARGET_NAME)";
				SWIFT_VERSION = 4.0;
				TARGETED_DEVICE_FAMILY = "1,2";
				TEST_TARGET_NAME = Train2Read;
			};
			name = Debug;
		};
		AC6DAEB620F8913B00C278C9 /* Release */ = {
			isa = XCBuildConfiguration;
			buildSettings = {
				ALWAYS_EMBED_SWIFT_STANDARD_LIBRARIES = YES;
				CODE_SIGN_STYLE = Automatic;
				DEVELOPMENT_TEAM = VQ2A24U5VU;
				INFOPLIST_FILE = Train2ReadUITests/Info.plist;
				LD_RUNPATH_SEARCH_PATHS = (
					"$(inherited)",
					"@executable_path/Frameworks",
					"@loader_path/Frameworks",
				);
				PRODUCT_BUNDLE_IDENTIFIER = SDU.Train2ReadUITests;
				PRODUCT_NAME = "$(TARGET_NAME)";
				SWIFT_VERSION = 4.0;
				TARGETED_DEVICE_FAMILY = "1,2";
				TEST_TARGET_NAME = Train2Read;
			};
			name = Release;
		};
/* End XCBuildConfiguration section */

/* Begin XCConfigurationList section */
		AC6DAE8120F8913900C278C9 /* Build configuration list for PBXProject "Train2Read" */ = {
			isa = XCConfigurationList;
			buildConfigurations = (
				AC6DAEAC20F8913B00C278C9 /* Debug */,
				AC6DAEAD20F8913B00C278C9 /* Release */,
			);
			defaultConfigurationIsVisible = 0;
			defaultConfigurationName = Release;
		};
		AC6DAEAE20F8913B00C278C9 /* Build configuration list for PBXNativeTarget "Train2Read" */ = {
			isa = XCConfigurationList;
			buildConfigurations = (
				AC6DAEAF20F8913B00C278C9 /* Debug */,
				AC6DAEB020F8913B00C278C9 /* Release */,
			);
			defaultConfigurationIsVisible = 0;
			defaultConfigurationName = Release;
		};
		AC6DAEB120F8913B00C278C9 /* Build configuration list for PBXNativeTarget "Train2ReadTests" */ = {
			isa = XCConfigurationList;
			buildConfigurations = (
				AC6DAEB220F8913B00C278C9 /* Debug */,
				AC6DAEB320F8913B00C278C9 /* Release */,
			);
			defaultConfigurationIsVisible = 0;
			defaultConfigurationName = Release;
		};
		AC6DAEB420F8913B00C278C9 /* Build configuration list for PBXNativeTarget "Train2ReadUITests" */ = {
			isa = XCConfigurationList;
			buildConfigurations = (
				AC6DAEB520F8913B00C278C9 /* Debug */,
				AC6DAEB620F8913B00C278C9 /* Release */,
			);
			defaultConfigurationIsVisible = 0;
			defaultConfigurationName = Release;
		};
/* End XCConfigurationList section */
	};
	rootObject = AC6DAE7E20F8913900C278C9 /* Project object */;
}
